
Microsoft Visual Studio Solution File, Format Version 12.00
# Visual Studio Version 17
VisualStudioVersion = 17.4.33213.308
MinimumVisualStudioVersion = 10.0.40219.1
Project("{8BC9CEB8-8B4A-11D0-8D11-00A0C91BC942}") = "Bataille naval", "Bataille naval\Bataille naval.vcxproj", "{142D1504-B057-4F06-B4D5-748E6032A610}"
EndProject
Project("{8BC9CEB8-8B4A-11D0-8D11-00A0C91BC942}") = "serveur", "serveur\serveur.vcxproj", "{CE95B628-3255-402F-BC09-BF988C11AE74}"
EndProject
Project("{8BC9CEB8-8B4A-11D0-8D11-00A0C91BC942}") = "client", "client\client.vcxproj", "{C942E054-CC20-4AF1-A63A-BC15343D1BA4}"
EndProject
Global
	GlobalSection(SolutionConfigurationPlatforms) = preSolution
		Debug|x64 = Debug|x64
		Debug|x86 = Debug|x86
		Release|x64 = Release|x64
		Release|x86 = Release|x86
	EndGlobalSection
	GlobalSection(ProjectConfigurationPlatforms) = postSolution
		{142D1504-B057-4F06-B4D5-748E6032A610}.Debug|x64.ActiveCfg = Debug|x64
		{142D1504-B057-4F06-B4D5-748E6032A610}.Debug|x64.Build.0 = Debug|x64
		{142D1504-B057-4F06-B4D5-748E6032A610}.Debug|x86.ActiveCfg = Debug|Win32
		{142D1504-B057-4F06-B4D5-748E6032A610}.Debug|x86.Build.0 = Debug|Win32
		{142D1504-B057-4F06-B4D5-748E6032A610}.Release|x64.ActiveCfg = Release|x64
		{142D1504-B057-4F06-B4D5-748E6032A610}.Release|x64.Build.0 = Release|x64
		{142D1504-B057-4F06-B4D5-748E6032A610}.Release|x86.ActiveCfg = Release|Win32
		{142D1504-B057-4F06-B4D5-748E6032A610}.Release|x86.Build.0 = Release|Win32
		{CE95B628-3255-402F-BC09-BF988C11AE74}.Debug|x64.ActiveCfg = Debug|x64
		{CE95B628-3255-402F-BC09-BF988C11AE74}.Debug|x64.Build.0 = Debug|x64
		{CE95B628-3255-402F-BC09-BF988C11AE74}.Debug|x86.ActiveCfg = Debug|Win32
		{CE95B628-3255-402F-BC09-BF988C11AE74}.Debug|x86.Build.0 = Debug|Win32
		{CE95B628-3255-402F-BC09-BF988C11AE74}.Release|x64.ActiveCfg = Release|x64
		{CE95B628-3255-402F-BC09-BF988C11AE74}.Release|x64.Build.0 = Release|x64
		{CE95B628-3255-402F-BC09-BF988C11AE74}.Release|x86.ActiveCfg = Release|Win32
		{CE95B628-3255-402F-BC09-BF988C11AE74}.Release|x86.Build.0 = Release|Win32
		{C942E054-CC20-4AF1-A63A-BC15343D1BA4}.Debug|x64.ActiveCfg = Debug|x64
		{C942E054-CC20-4AF1-A63A-BC15343D1BA4}.Debug|x64.Build.0 = Debug|x64
		{C942E054-CC20-4AF1-A63A-BC15343D1BA4}.Debug|x86.ActiveCfg = Debug|Win32
		{C942E054-CC20-4AF1-A63A-BC15343D1BA4}.Debug|x86.Build.0 = Debug|Win32
		{C942E054-CC20-4AF1-A63A-BC15343D1BA4}.Release|x64.ActiveCfg = Release|x64
		{C942E054-CC20-4AF1-A63A-BC15343D1BA4}.Release|x64.Build.0 = Release|x64
		{C942E054-CC20-4AF1-A63A-BC15343D1BA4}.Release|x86.ActiveCfg = Release|Win32
		{C942E054-CC20-4AF1-A63A-BC15343D1BA4}.Release|x86.Build.0 = Release|Win32
	EndGlobalSection
	GlobalSection(SolutionProperties) = preSolution
		HideSolutionNode = FALSE
	EndGlobalSection
	GlobalSection(ExtensibilityGlobals) = postSolution
		SolutionGuid = {64716938-5AFF-4DE3-BD09-817FC346C44F}
	EndGlobalSection
EndGlobal
