
Microsoft Visual Studio Solution File, Format Version 12.00
# Visual Studio Version 17
VisualStudioVersion = 17.4.33213.308
MinimumVisualStudioVersion = 10.0.40219.1
Project("{8BC9CEB8-8B4A-11D0-8D11-00A0C91BC942}") = "o", "o\o.vcxproj", "{1C376B1C-6845-4FC3-81CE-B5727DA53302}"
EndProject
Global
	GlobalSection(SolutionConfigurationPlatforms) = preSolution
		Debug|x64 = Debug|x64
		Debug|x86 = Debug|x86
		Release|x64 = Release|x64
		Release|x86 = Release|x86
	EndGlobalSection
	GlobalSection(ProjectConfigurationPlatforms) = postSolution
		{1C376B1C-6845-4FC3-81CE-B5727DA53302}.Debug|x64.ActiveCfg = Debug|x64
		{1C376B1C-6845-4FC3-81CE-B5727DA53302}.Debug|x64.Build.0 = Debug|x64
		{1C376B1C-6845-4FC3-81CE-B5727DA53302}.Debug|x86.ActiveCfg = Debug|Win32
		{1C376B1C-6845-4FC3-81CE-B5727DA53302}.Debug|x86.Build.0 = Debug|Win32
		{1C376B1C-6845-4FC3-81CE-B5727DA53302}.Release|x64.ActiveCfg = Release|x64
		{1C376B1C-6845-4FC3-81CE-B5727DA53302}.Release|x64.Build.0 = Release|x64
		{1C376B1C-6845-4FC3-81CE-B5727DA53302}.Release|x86.ActiveCfg = Release|Win32
		{1C376B1C-6845-4FC3-81CE-B5727DA53302}.Release|x86.Build.0 = Release|Win32
	EndGlobalSection
	GlobalSection(SolutionProperties) = preSolution
		HideSolutionNode = FALSE
	EndGlobalSection
	GlobalSection(ExtensibilityGlobals) = postSolution
		SolutionGuid = {268E0531-9C28-4145-A000-73E197E1E051}
	EndGlobalSection
EndGlobal
